
Microsoft Visual Studio Solution File, Format Version 12.00
# Visual Studio Version 16
VisualStudioVersion = 16.0.31729.503
MinimumVisualStudioVersion = 10.0.40219.1
Project("{FAE04EC0-301F-11D3-BF4B-00C04F79EFBC}") = "WCFService_2Way_113", "WCFService_2Way_113\WCFService_2Way_113.csproj", "{787F445C-CD6C-4415-92AB-63A8C0984D9C}"
EndProject
Global
	GlobalSection(SolutionConfigurationPlatforms) = preSolution
		Debug|Any CPU = Debug|Any CPU
		Release|Any CPU = Release|Any CPU
	EndGlobalSection
	GlobalSection(ProjectConfigurationPlatforms) = postSolution
		{787F445C-CD6C-4415-92AB-63A8C0984D9C}.Debug|Any CPU.ActiveCfg = Debug|Any CPU
		{787F445C-CD6C-4415-92AB-63A8C0984D9C}.Debug|Any CPU.Build.0 = Debug|Any CPU
		{787F445C-CD6C-4415-92AB-63A8C0984D9C}.Release|Any CPU.ActiveCfg = Release|Any CPU
		{787F445C-CD6C-4415-92AB-63A8C0984D9C}.Release|Any CPU.Build.0 = Release|Any CPU
	EndGlobalSection
	GlobalSection(SolutionProperties) = preSolution
		HideSolutionNode = FALSE
	EndGlobalSection
	GlobalSection(ExtensibilityGlobals) = postSolution
		SolutionGuid = {5DDE31DF-419E-4EF7-8406-446694E6CB67}
	EndGlobalSection
EndGlobal
